
Microsoft Visual Studio Solution File, Format Version 12.00
# Visual Studio Version 16
VisualStudioVersion = 16.0.31911.196
MinimumVisualStudioVersion = 10.0.40219.1
Project("{2150E333-8FDC-42A3-9474-1A3956D46DE8}") = "Doc", "Doc", "{D83200FF-D5CE-4C68-861D-9A3085A28E2A}"
EndProject
Project("{2150E333-8FDC-42A3-9474-1A3956D46DE8}") = "Src", "Src", "{264FD598-7210-4CD7-8919-F53B691B297F}"
EndProject
Project("{2150E333-8FDC-42A3-9474-1A3956D46DE8}") = "Test", "Test", "{E831D348-2C5A-4670-91F4-9F7A7E858285}"
EndProject
Project("{2150E333-8FDC-42A3-9474-1A3956D46DE8}") = "Core", "Core", "{A4DDF73D-5D16-4AF8-A6F3-2FE719786C6C}"
EndProject
Project("{2150E333-8FDC-42A3-9474-1A3956D46DE8}") = "Peresentation", "Peresentation", "{BD55D5E3-FC9F-4B00-9528-517EDEE21489}"
EndProject
Project("{2150E333-8FDC-42A3-9474-1A3956D46DE8}") = "Common", "Common", "{4D3DC9B5-9C1E-4B09-92F2-BD945CD76583}"
EndProject
Project("{9A19103F-16F7-4668-BE54-9A1E7A4F7556}") = "Bugeto_store.Domain", "Bugeto_store.Domain\Bugeto_store.Domain.csproj", "{684A8B02-C6E6-4EFD-9004-AA47FB7E74BE}"
EndProject
Project("{9A19103F-16F7-4668-BE54-9A1E7A4F7556}") = "Bugeto_Store.Application", "Bugeto_Store.Application\Bugeto_Store.Application.csproj", "{D78F1BC6-2BB7-4CF2-AE70-F7E345F9752B}"
EndProject
Project("{2150E333-8FDC-42A3-9474-1A3956D46DE8}") = "infrastructure", "infrastructure", "{9FE7B3F5-1009-4E1C-88A2-347A18290C9E}"
EndProject
Project("{9A19103F-16F7-4668-BE54-9A1E7A4F7556}") = "Bugeto_Store.Infrastructure", "Infrastructure1\Bugeto_Store.Infrastructure.csproj", "{88A0735F-4E9B-4E32-9800-01CDB0B86201}"
EndProject
Project("{9A19103F-16F7-4668-BE54-9A1E7A4F7556}") = "Bugeto_Store.Presistance", "Presistance1\Bugeto_Store.Presistance.csproj", "{2F4C4A55-E25D-4BCE-9675-9373F93990F8}"
EndProject
Project("{9A19103F-16F7-4668-BE54-9A1E7A4F7556}") = "Endpoint.Site", "Endpoint.Site\Endpoint.Site.csproj", "{6311CA8C-79F9-46E4-922F-7FEF42D71FBE}"
EndProject
Project("{FAE04EC0-301F-11D3-BF4B-00C04F79EFBC}") = "Bugeto_Store.Common", "Bugeto_Store.Common\Bugeto_Store.Common.csproj", "{EFEC592D-198B-42C7-BAE7-43D60B70322F}"
EndProject
Global
	GlobalSection(SolutionConfigurationPlatforms) = preSolution
		Debug|Any CPU = Debug|Any CPU
		Release|Any CPU = Release|Any CPU
	EndGlobalSection
	GlobalSection(ProjectConfigurationPlatforms) = postSolution
		{684A8B02-C6E6-4EFD-9004-AA47FB7E74BE}.Debug|Any CPU.ActiveCfg = Debug|Any CPU
		{684A8B02-C6E6-4EFD-9004-AA47FB7E74BE}.Debug|Any CPU.Build.0 = Debug|Any CPU
		{684A8B02-C6E6-4EFD-9004-AA47FB7E74BE}.Release|Any CPU.ActiveCfg = Release|Any CPU
		{684A8B02-C6E6-4EFD-9004-AA47FB7E74BE}.Release|Any CPU.Build.0 = Release|Any CPU
		{D78F1BC6-2BB7-4CF2-AE70-F7E345F9752B}.Debug|Any CPU.ActiveCfg = Debug|Any CPU
		{D78F1BC6-2BB7-4CF2-AE70-F7E345F9752B}.Debug|Any CPU.Build.0 = Debug|Any CPU
		{D78F1BC6-2BB7-4CF2-AE70-F7E345F9752B}.Release|Any CPU.ActiveCfg = Release|Any CPU
		{D78F1BC6-2BB7-4CF2-AE70-F7E345F9752B}.Release|Any CPU.Build.0 = Release|Any CPU
		{88A0735F-4E9B-4E32-9800-01CDB0B86201}.Debug|Any CPU.ActiveCfg = Debug|Any CPU
		{88A0735F-4E9B-4E32-9800-01CDB0B86201}.Debug|Any CPU.Build.0 = Debug|Any CPU
		{88A0735F-4E9B-4E32-9800-01CDB0B86201}.Release|Any CPU.ActiveCfg = Release|Any CPU
		{88A0735F-4E9B-4E32-9800-01CDB0B86201}.Release|Any CPU.Build.0 = Release|Any CPU
		{2F4C4A55-E25D-4BCE-9675-9373F93990F8}.Debug|Any CPU.ActiveCfg = Debug|Any CPU
		{2F4C4A55-E25D-4BCE-9675-9373F93990F8}.Debug|Any CPU.Build.0 = Debug|Any CPU
		{2F4C4A55-E25D-4BCE-9675-9373F93990F8}.Release|Any CPU.ActiveCfg = Release|Any CPU
		{2F4C4A55-E25D-4BCE-9675-9373F93990F8}.Release|Any CPU.Build.0 = Release|Any CPU
		{6311CA8C-79F9-46E4-922F-7FEF42D71FBE}.Debug|Any CPU.ActiveCfg = Debug|Any CPU
		{6311CA8C-79F9-46E4-922F-7FEF42D71FBE}.Debug|Any CPU.Build.0 = Debug|Any CPU
		{6311CA8C-79F9-46E4-922F-7FEF42D71FBE}.Release|Any CPU.ActiveCfg = Release|Any CPU
		{6311CA8C-79F9-46E4-922F-7FEF42D71FBE}.Release|Any CPU.Build.0 = Release|Any CPU
		{EFEC592D-198B-42C7-BAE7-43D60B70322F}.Debug|Any CPU.ActiveCfg = Debug|Any CPU
		{EFEC592D-198B-42C7-BAE7-43D60B70322F}.Debug|Any CPU.Build.0 = Debug|Any CPU
		{EFEC592D-198B-42C7-BAE7-43D60B70322F}.Release|Any CPU.ActiveCfg = Release|Any CPU
		{EFEC592D-198B-42C7-BAE7-43D60B70322F}.Release|Any CPU.Build.0 = Release|Any CPU
	EndGlobalSection
	GlobalSection(SolutionProperties) = preSolution
		HideSolutionNode = FALSE
	EndGlobalSection
	GlobalSection(NestedProjects) = preSolution
		{A4DDF73D-5D16-4AF8-A6F3-2FE719786C6C} = {264FD598-7210-4CD7-8919-F53B691B297F}
		{BD55D5E3-FC9F-4B00-9528-517EDEE21489} = {264FD598-7210-4CD7-8919-F53B691B297F}
		{4D3DC9B5-9C1E-4B09-92F2-BD945CD76583} = {264FD598-7210-4CD7-8919-F53B691B297F}
		{684A8B02-C6E6-4EFD-9004-AA47FB7E74BE} = {A4DDF73D-5D16-4AF8-A6F3-2FE719786C6C}
		{D78F1BC6-2BB7-4CF2-AE70-F7E345F9752B} = {A4DDF73D-5D16-4AF8-A6F3-2FE719786C6C}
		{9FE7B3F5-1009-4E1C-88A2-347A18290C9E} = {264FD598-7210-4CD7-8919-F53B691B297F}
		{88A0735F-4E9B-4E32-9800-01CDB0B86201} = {9FE7B3F5-1009-4E1C-88A2-347A18290C9E}
		{2F4C4A55-E25D-4BCE-9675-9373F93990F8} = {9FE7B3F5-1009-4E1C-88A2-347A18290C9E}
		{6311CA8C-79F9-46E4-922F-7FEF42D71FBE} = {BD55D5E3-FC9F-4B00-9528-517EDEE21489}
		{EFEC592D-198B-42C7-BAE7-43D60B70322F} = {4D3DC9B5-9C1E-4B09-92F2-BD945CD76583}
	EndGlobalSection
	GlobalSection(ExtensibilityGlobals) = postSolution
		SolutionGuid = {FDBD7342-CF90-4942-9C0E-A56290BD9ABC}
	EndGlobalSection
EndGlobal
